
Microsoft Visual Studio Solution File, Format Version 12.00
Project("{FAE04EC0-301F-11D3-BF4B-00C04F79EFBC}") = "SpringHeroBank", "SpringHeroBank.csproj", "{105A49F7-C923-493C-927C-830D019AE81E}"
EndProject
Global
	GlobalSection(SolutionConfigurationPlatforms) = preSolution
		Debug|Any CPU = Debug|Any CPU
		Release|Any CPU = Release|Any CPU
	EndGlobalSection
	GlobalSection(ProjectConfigurationPlatforms) = postSolution
		{105A49F7-C923-493C-927C-830D019AE81E}.Debug|Any CPU.ActiveCfg = Debug|Any CPU
		{105A49F7-C923-493C-927C-830D019AE81E}.Debug|Any CPU.Build.0 = Debug|Any CPU
		{105A49F7-C923-493C-927C-830D019AE81E}.Release|Any CPU.ActiveCfg = Release|Any CPU
		{105A49F7-C923-493C-927C-830D019AE81E}.Release|Any CPU.Build.0 = Release|Any CPU
	EndGlobalSection
EndGlobal
