
Microsoft Visual Studio Solution File, Format Version 12.00
Project("{FAE04EC0-301F-11D3-BF4B-00C04F79EFBC}") = "SpringHeroBank", "SpringHeroBank\SpringHeroBank.csproj", "{B06712A3-00CE-4016-B986-DC077978B764}"
EndProject
Global
	GlobalSection(SolutionConfigurationPlatforms) = preSolution
		Debug|Any CPU = Debug|Any CPU
		Release|Any CPU = Release|Any CPU
	EndGlobalSection
	GlobalSection(ProjectConfigurationPlatforms) = postSolution
		{B06712A3-00CE-4016-B986-DC077978B764}.Debug|Any CPU.ActiveCfg = Debug|Any CPU
		{B06712A3-00CE-4016-B986-DC077978B764}.Debug|Any CPU.Build.0 = Debug|Any CPU
		{B06712A3-00CE-4016-B986-DC077978B764}.Release|Any CPU.ActiveCfg = Release|Any CPU
		{B06712A3-00CE-4016-B986-DC077978B764}.Release|Any CPU.Build.0 = Release|Any CPU
	EndGlobalSection
EndGlobal
